
Microsoft Visual Studio Solution File, Format Version 12.00
# Visual Studio Version 17
VisualStudioVersion = 17.0.31919.166
MinimumVisualStudioVersion = 10.0.40219.1
Project("{FAE04EC0-301F-11D3-BF4B-00C04F79EFBC}") = "zadanie1", "zadanie1\zadanie1.csproj", "{C0A87488-F9F5-400E-895B-07014B7663CC}"
EndProject
Global
	GlobalSection(SolutionConfigurationPlatforms) = preSolution
		Debug|Any CPU = Debug|Any CPU
		Release|Any CPU = Release|Any CPU
	EndGlobalSection
	GlobalSection(ProjectConfigurationPlatforms) = postSolution
		{C0A87488-F9F5-400E-895B-07014B7663CC}.Debug|Any CPU.ActiveCfg = Debug|Any CPU
		{C0A87488-F9F5-400E-895B-07014B7663CC}.Debug|Any CPU.Build.0 = Debug|Any CPU
		{C0A87488-F9F5-400E-895B-07014B7663CC}.Release|Any CPU.ActiveCfg = Release|Any CPU
		{C0A87488-F9F5-400E-895B-07014B7663CC}.Release|Any CPU.Build.0 = Release|Any CPU
	EndGlobalSection
	GlobalSection(SolutionProperties) = preSolution
		HideSolutionNode = FALSE
	EndGlobalSection
	GlobalSection(ExtensibilityGlobals) = postSolution
		SolutionGuid = {34951C61-C219-453F-915A-C2C7889FEFB5}
	EndGlobalSection
EndGlobal
